// !$*UTF8*$!
{
	archiveVersion = 1;
	classes = {
	};
	objectVersion = 50;
	objects = {

/* Begin PBXBuildFile section */
		25C5FE172189F93C00C40317 /* AppDelegate.swift in Sources */ = {isa = PBXBuildFile; fileRef = 25C5FE162189F93C00C40317 /* AppDelegate.swift */; };
		25C5FE192189F93C00C40317 /* ViewController.swift in Sources */ = {isa = PBXBuildFile; fileRef = 25C5FE182189F93C00C40317 /* ViewController.swift */; };
		25C5FE1C2189F93C00C40317 /* Main.storyboard in Resources */ = {isa = PBXBuildFile; fileRef = 25C5FE1A2189F93C00C40317 /* Main.storyboard */; };
		25C5FE1E2189F93D00C40317 /* Assets.xcassets in Resources */ = {isa = PBXBuildFile; fileRef = 25C5FE1D2189F93D00C40317 /* Assets.xcassets */; };
		25C5FE212189F93D00C40317 /* LaunchScreen.storyboard in Resources */ = {isa = PBXBuildFile; fileRef = 25C5FE1F2189F93D00C40317 /* LaunchScreen.storyboard */; };
		25C5FE2C2189F93D00C40317 /* Deep_FrappuccinoTests.swift in Sources */ = {isa = PBXBuildFile; fileRef = 25C5FE2B2189F93D00C40317 /* Deep_FrappuccinoTests.swift */; };
		25C5FE372189F93D00C40317 /* Deep_FrappuccinoUITests.swift in Sources */ = {isa = PBXBuildFile; fileRef = 25C5FE362189F93D00C40317 /* Deep_FrappuccinoUITests.swift */; };
/* End PBXBuildFile section */

/* Begin PBXContainerItemProxy section */
		25C5FE282189F93D00C40317 /* PBXContainerItemProxy */ = {
			isa = PBXContainerItemProxy;
			containerPortal = 25C5FE0B2189F93C00C40317 /* Project object */;
			proxyType = 1;
			remoteGlobalIDString = 25C5FE122189F93C00C40317;
			remoteInfo = "Deep Frappuccino";
		};
		25C5FE332189F93D00C40317 /* PBXContainerItemProxy */ = {
			isa = PBXContainerItemProxy;
			containerPortal = 25C5FE0B2189F93C00C40317 /* Project object */;
			proxyType = 1;
			remoteGlobalIDString = 25C5FE122189F93C00C40317;
			remoteInfo = "Deep Frappuccino";
		};
/* End PBXContainerItemProxy section */

/* Begin PBXFileReference section */
		25C5FE132189F93C00C40317 /* Deep Frappuccino.app */ = {isa = PBXFileReference; explicitFileType = wrapper.application; includeInIndex = 0; path = "Deep Frappuccino.app"; sourceTree = BUILT_PRODUCTS_DIR; };
		25C5FE162189F93C00C40317 /* AppDelegate.swift */ = {isa = PBXFileReference; lastKnownFileType = sourcecode.swift; path = AppDelegate.swift; sourceTree = "<group>"; };
		25C5FE182189F93C00C40317 /* ViewController.swift */ = {isa = PBXFileReference; lastKnownFileType = sourcecode.swift; path = ViewController.swift; sourceTree = "<group>"; };
		25C5FE1B2189F93C00C40317 /* Base */ = {isa = PBXFileReference; lastKnownFileType = file.storyboard; name = Base; path = Base.lproj/Main.storyboard; sourceTree = "<group>"; };
		25C5FE1D2189F93D00C40317 /* Assets.xcassets */ = {isa = PBXFileReference; lastKnownFileType = folder.assetcatalog; path = Assets.xcassets; sourceTree = "<group>"; };
		25C5FE202189F93D00C40317 /* Base */ = {isa = PBXFileReference; lastKnownFileType = file.storyboard; name = Base; path = Base.lproj/LaunchScreen.storyboard; sourceTree = "<group>"; };
		25C5FE222189F93D00C40317 /* Info.plist */ = {isa = PBXFileReference; lastKnownFileType = text.plist.xml; path = Info.plist; sourceTree = "<group>"; };
		25C5FE272189F93D00C40317 /* Deep FrappuccinoTests.xctest */ = {isa = PBXFileReference; explicitFileType = wrapper.cfbundle; includeInIndex = 0; path = "Deep FrappuccinoTests.xctest"; sourceTree = BUILT_PRODUCTS_DIR; };
		25C5FE2B2189F93D00C40317 /* Deep_FrappuccinoTests.swift */ = {isa = PBXFileReference; lastKnownFileType = sourcecode.swift; path = Deep_FrappuccinoTests.swift; sourceTree = "<group>"; };
		25C5FE2D2189F93D00C40317 /* Info.plist */ = {isa = PBXFileReference; lastKnownFileType = text.plist.xml; path = Info.plist; sourceTree = "<group>"; };
		25C5FE322189F93D00C40317 /* Deep FrappuccinoUITests.xctest */ = {isa = PBXFileReference; explicitFileType = wrapper.cfbundle; includeInIndex = 0; path = "Deep FrappuccinoUITests.xctest"; sourceTree = BUILT_PRODUCTS_DIR; };
		25C5FE362189F93D00C40317 /* Deep_FrappuccinoUITests.swift */ = {isa = PBXFileReference; lastKnownFileType = sourcecode.swift; path = Deep_FrappuccinoUITests.swift; sourceTree = "<group>"; };
		25C5FE382189F93D00C40317 /* Info.plist */ = {isa = PBXFileReference; lastKnownFileType = text.plist.xml; path = Info.plist; sourceTree = "<group>"; };
/* End PBXFileReference section */

/* Begin PBXFrameworksBuildPhase section */
		25C5FE102189F93C00C40317 /* Frameworks */ = {
			isa = PBXFrameworksBuildPhase;
			buildActionMask = 2147483647;
			files = (
			);
			runOnlyForDeploymentPostprocessing = 0;
		};
		25C5FE242189F93D00C40317 /* Frameworks */ = {
			isa = PBXFrameworksBuildPhase;
			buildActionMask = 2147483647;
			files = (
			);
			runOnlyForDeploymentPostprocessing = 0;
		};
		25C5FE2F2189F93D00C40317 /* Frameworks */ = {
			isa = PBXFrameworksBuildPhase;
			buildActionMask = 2147483647;
			files = (
			);
			runOnlyForDeploymentPostprocessing = 0;
		};
/* End PBXFrameworksBuildPhase section */

/* Begin PBXGroup section */
		25C5FE0A2189F93C00C40317 = {
			isa = PBXGroup;
			children = (
				25C5FE152189F93C00C40317 /* Deep Frappuccino */,
				25C5FE2A2189F93D00C40317 /* Deep FrappuccinoTests */,
				25C5FE352189F93D00C40317 /* Deep FrappuccinoUITests */,
				25C5FE142189F93C00C40317 /* Products */,
			);
			sourceTree = "<group>";
		};
		25C5FE142189F93C00C40317 /* Products */ = {
			isa = PBXGroup;
			children = (
				25C5FE132189F93C00C40317 /* Deep Frappuccino.app */,
				25C5FE272189F93D00C40317 /* Deep FrappuccinoTests.xctest */,
				25C5FE322189F93D00C40317 /* Deep FrappuccinoUITests.xctest */,
			);
			name = Products;
			sourceTree = "<group>";
		};
		25C5FE152189F93C00C40317 /* Deep Frappuccino */ = {
			isa = PBXGroup;
			children = (
				25C5FE162189F93C00C40317 /* AppDelegate.swift */,
				25C5FE182189F93C00C40317 /* ViewController.swift */,
				25C5FE1A2189F93C00C40317 /* Main.storyboard */,
				25C5FE1D2189F93D00C40317 /* Assets.xcassets */,
				25C5FE1F2189F93D00C40317 /* LaunchScreen.storyboard */,
				25C5FE222189F93D00C40317 /* Info.plist */,
			);
			path = "Deep Frappuccino";
			sourceTree = "<group>";
		};
		25C5FE2A2189F93D00C40317 /* Deep FrappuccinoTests */ = {
			isa = PBXGroup;
			children = (
				25C5FE2B2189F93D00C40317 /* Deep_FrappuccinoTests.swift */,
				25C5FE2D2189F93D00C40317 /* Info.plist */,
			);
			path = "Deep FrappuccinoTests";
			sourceTree = "<group>";
		};
		25C5FE352189F93D00C40317 /* Deep FrappuccinoUITests */ = {
			isa = PBXGroup;
			children = (
				25C5FE362189F93D00C40317 /* Deep_FrappuccinoUITests.swift */,
				25C5FE382189F93D00C40317 /* Info.plist */,
			);
			path = "Deep FrappuccinoUITests";
			sourceTree = "<group>";
		};
/* End PBXGroup section */

/* Begin PBXNativeTarget section */
		25C5FE122189F93C00C40317 /* Deep Frappuccino */ = {
			isa = PBXNativeTarget;
			buildConfigurationList = 25C5FE3B2189F93D00C40317 /* Build configuration list for PBXNativeTarget "Deep Frappuccino" */;
			buildPhases = (
				25C5FE0F2189F93C00C40317 /* Sources */,
				25C5FE102189F93C00C40317 /* Frameworks */,
				25C5FE112189F93C00C40317 /* Resources */,
			);
			buildRules = (
			);
			dependencies = (
			);
			name = "Deep Frappuccino";
			productName = "Deep Frappuccino";
			productReference = 25C5FE132189F93C00C40317 /* Deep Frappuccino.app */;
			productType = "com.apple.product-type.application";
		};
		25C5FE262189F93D00C40317 /* Deep FrappuccinoTests */ = {
			isa = PBXNativeTarget;
			buildConfigurationList = 25C5FE3E2189F93D00C40317 /* Build configuration list for PBXNativeTarget "Deep FrappuccinoTests" */;
			buildPhases = (
				25C5FE232189F93D00C40317 /* Sources */,
				25C5FE242189F93D00C40317 /* Frameworks */,
				25C5FE252189F93D00C40317 /* Resources */,
			);
			buildRules = (
			);
			dependencies = (
				25C5FE292189F93D00C40317 /* PBXTargetDependency */,
			);
			name = "Deep FrappuccinoTests";
			productName = "Deep FrappuccinoTests";
			productReference = 25C5FE272189F93D00C40317 /* Deep FrappuccinoTests.xctest */;
			productType = "com.apple.product-type.bundle.unit-test";
		};
		25C5FE312189F93D00C40317 /* Deep FrappuccinoUITests */ = {
			isa = PBXNativeTarget;
			buildConfigurationList = 25C5FE412189F93D00C40317 /* Build configuration list for PBXNativeTarget "Deep FrappuccinoUITests" */;
			buildPhases = (
				25C5FE2E2189F93D00C40317 /* Sources */,
				25C5FE2F2189F93D00C40317 /* Frameworks */,
				25C5FE302189F93D00C40317 /* Resources */,
			);
			buildRules = (
			);
			dependencies = (
				25C5FE342189F93D00C40317 /* PBXTargetDependency */,
			);
			name = "Deep FrappuccinoUITests";
			productName = "Deep FrappuccinoUITests";
			productReference = 25C5FE322189F93D00C40317 /* Deep FrappuccinoUITests.xctest */;
			productType = "com.apple.product-type.bundle.ui-testing";
		};
/* End PBXNativeTarget section */

/* Begin PBXProject section */
		25C5FE0B2189F93C00C40317 /* Project object */ = {
			isa = PBXProject;
			attributes = {
				LastSwiftUpdateCheck = 1010;
				LastUpgradeCheck = 1010;
				ORGANIZATIONNAME = "Shota Shimazu";
				TargetAttributes = {
					25C5FE122189F93C00C40317 = {
						CreatedOnToolsVersion = 10.1;
					};
					25C5FE262189F93D00C40317 = {
						CreatedOnToolsVersion = 10.1;
						TestTargetID = 25C5FE122189F93C00C40317;
					};
					25C5FE312189F93D00C40317 = {
						CreatedOnToolsVersion = 10.1;
						TestTargetID = 25C5FE122189F93C00C40317;
					};
				};
			};
			buildConfigurationList = 25C5FE0E2189F93C00C40317 /* Build configuration list for PBXProject "Deep Frappuccino" */;
			compatibilityVersion = "Xcode 9.3";
			developmentRegion = en;
			hasScannedForEncodings = 0;
			knownRegions = (
				en,
				Base,
			);
			mainGroup = 25C5FE0A2189F93C00C40317;
			productRefGroup = 25C5FE142189F93C00C40317 /* Products */;
			projectDirPath = "";
			projectRoot = "";
			targets = (
				25C5FE122189F93C00C40317 /* Deep Frappuccino */,
				25C5FE262189F93D00C40317 /* Deep FrappuccinoTests */,
				25C5FE312189F93D00C40317 /* Deep FrappuccinoUITests */,
			);
		};
/* End PBXProject section */

/* Begin PBXResourcesBuildPhase section */
		25C5FE112189F93C00C40317 /* Resources */ = {
			isa = PBXResourcesBuildPhase;
			buildActionMask = 2147483647;
			files = (
				25C5FE212189F93D00C40317 /* LaunchScreen.storyboard in Resources */,
				25C5FE1E2189F93D00C40317 /* Assets.xcassets in Resources */,
				25C5FE1C2189F93C00C40317 /* Main.storyboard in Resources */,
			);
			runOnlyForDeploymentPostprocessing = 0;
		};
		25C5FE252189F93D00C40317 /* Resources */ = {
			isa = PBXResourcesBuildPhase;
			buildActionMask = 2147483647;
			files = (
			);
			runOnlyForDeploymentPostprocessing = 0;
		};
		25C5FE302189F93D00C40317 /* Resources */ = {
			isa = PBXResourcesBuildPhase;
			buildActionMask = 2147483647;
			files = (
			);
			runOnlyForDeploymentPostprocessing = 0;
		};
/* End PBXResourcesBuildPhase section */

/* Begin PBXSourcesBuildPhase section */
		25C5FE0F2189F93C00C40317 /* Sources */ = {
			isa = PBXSourcesBuildPhase;
			buildActionMask = 2147483647;
			files = (
				25C5FE192189F93C00C40317 /* ViewController.swift in Sources */,
				25C5FE172189F93C00C40317 /* AppDelegate.swift in Sources */,
			);
			runOnlyForDeploymentPostprocessing = 0;
		};
		25C5FE232189F93D00C40317 /* Sources */ = {
			isa = PBXSourcesBuildPhase;
			buildActionMask = 2147483647;
			files = (
				25C5FE2C2189F93D00C40317 /* Deep_FrappuccinoTests.swift in Sources */,
			);
			runOnlyForDeploymentPostprocessing = 0;
		};
		25C5FE2E2189F93D00C40317 /* Sources */ = {
			isa = PBXSourcesBuildPhase;
			buildActionMask = 2147483647;
			files = (
				25C5FE372189F93D00C40317 /* Deep_FrappuccinoUITests.swift in Sources */,
			);
			runOnlyForDeploymentPostprocessing = 0;
		};
/* End PBXSourcesBuildPhase section */

/* Begin PBXTargetDependency section */
		25C5FE292189F93D00C40317 /* PBXTargetDependency */ = {
			isa = PBXTargetDependency;
			target = 25C5FE122189F93C00C40317 /* Deep Frappuccino */;
			targetProxy = 25C5FE282189F93D00C40317 /* PBXContainerItemProxy */;
		};
		25C5FE342189F93D00C40317 /* PBXTargetDependency */ = {
			isa = PBXTargetDependency;
			target = 25C5FE122189F93C00C40317 /* Deep Frappuccino */;
			targetProxy = 25C5FE332189F93D00C40317 /* PBXContainerItemProxy */;
		};
/* End PBXTargetDependency section */

/* Begin PBXVariantGroup section */
		25C5FE1A2189F93C00C40317 /* Main.storyboard */ = {
			isa = PBXVariantGroup;
			children = (
				25C5FE1B2189F93C00C40317 /* Base */,
			);
			name = Main.storyboard;
			sourceTree = "<group>";
		};
		25C5FE1F2189F93D00C40317 /* LaunchScreen.storyboard */ = {
			isa = PBXVariantGroup;
			children = (
				25C5FE202189F93D00C40317 /* Base */,
			);
			name = LaunchScreen.storyboard;
			sourceTree = "<group>";
		};
/* End PBXVariantGroup section */

/* Begin XCBuildConfiguration section */
		25C5FE392189F93D00C40317 /* Debug */ = {
			isa = XCBuildConfiguration;
			buildSettings = {
				ALWAYS_SEARCH_USER_PATHS = NO;
				CLANG_ANALYZER_NONNULL = YES;
				CLANG_ANALYZER_NUMBER_OBJECT_CONVERSION = YES_AGGRESSIVE;
				CLANG_CXX_LANGUAGE_STANDARD = "gnu++14";
				CLANG_CXX_LIBRARY = "libc++";
				CLANG_ENABLE_MODULES = YES;
				CLANG_ENABLE_OBJC_ARC = YES;
				CLANG_ENABLE_OBJC_WEAK = YES;
				CLANG_WARN_BLOCK_CAPTURE_AUTORELEASING = YES;
				CLANG_WARN_BOOL_CONVERSION = YES;
				CLANG_WARN_COMMA = YES;
				CLANG_WARN_CONSTANT_CONVERSION = YES;
				CLANG_WARN_DEPRECATED_OBJC_IMPLEMENTATIONS = YES;
				CLANG_WARN_DIRECT_OBJC_ISA_USAGE = YES_ERROR;
				CLANG_WARN_DOCUMENTATION_COMMENTS = YES;
				CLANG_WARN_EMPTY_BODY = YES;
				CLANG_WARN_ENUM_CONVERSION = YES;
				CLANG_WARN_INFINITE_RECURSION = YES;
				CLANG_WARN_INT_CONVERSION = YES;
				CLANG_WARN_NON_LITERAL_NULL_CONVERSION = YES;
				CLANG_WARN_OBJC_IMPLICIT_RETAIN_SELF = YES;
				CLANG_WARN_OBJC_LITERAL_CONVERSION = YES;
				CLANG_WARN_OBJC_ROOT_CLASS = YES_ERROR;
				CLANG_WARN_RANGE_LOOP_ANALYSIS = YES;
				CLANG_WARN_STRICT_PROTOTYPES = YES;
				CLANG_WARN_SUSPICIOUS_MOVE = YES;
				CLANG_WARN_UNGUARDED_AVAILABILITY = YES_AGGRESSIVE;
				CLANG_WARN_UNREACHABLE_CODE = YES;
				CLANG_WARN__DUPLICATE_METHOD_MATCH = YES;
				CODE_SIGN_IDENTITY = "iPhone Developer";
				COPY_PHASE_STRIP = NO;
				DEBUG_INFORMATION_FORMAT = dwarf;
				ENABLE_STRICT_OBJC_MSGSEND = YES;
				ENABLE_TESTABILITY = YES;
				GCC_C_LANGUAGE_STANDARD = gnu11;
				GCC_DYNAMIC_NO_PIC = NO;
				GCC_NO_COMMON_BLOCKS = YES;
				GCC_OPTIMIZATION_LEVEL = 0;
				GCC_PREPROCESSOR_DEFINITIONS = (
					"DEBUG=1",
					"$(inherited)",
				);
				GCC_WARN_64_TO_32_BIT_CONVERSION = YES;
				GCC_WARN_ABOUT_RETURN_TYPE = YES_ERROR;
				GCC_WARN_UNDECLARED_SELECTOR = YES;
				GCC_WARN_UNINITIALIZED_AUTOS = YES_AGGRESSIVE;
				GCC_WARN_UNUSED_FUNCTION = YES;
				GCC_WARN_UNUSED_VARIABLE = YES;
				IPHONEOS_DEPLOYMENT_TARGET = 12.1;
				MTL_ENABLE_DEBUG_INFO = INCLUDE_SOURCE;
				MTL_FAST_MATH = YES;
				ONLY_ACTIVE_ARCH = YES;
				SDKROOT = iphoneos;
				SWIFT_ACTIVE_COMPILATION_CONDITIONS = DEBUG;
				SWIFT_OPTIMIZATION_LEVEL = "-Onone";
			};
			name = Debug;
		};
		25C5FE3A2189F93D00C40317 /* Release */ = {
			isa = XCBuildConfiguration;
			buildSettings = {
				ALWAYS_SEARCH_USER_PATHS = NO;
				CLANG_ANALYZER_NONNULL = YES;
				CLANG_ANALYZER_NUMBER_OBJECT_CONVERSION = YES_AGGRESSIVE;
				CLANG_CXX_LANGUAGE_STANDARD = "gnu++14";
				CLANG_CXX_LIBRARY = "libc++";
				CLANG_ENABLE_MODULES = YES;
				CLANG_ENABLE_OBJC_ARC = YES;
				CLANG_ENABLE_OBJC_WEAK = YES;
				CLANG_WARN_BLOCK_CAPTURE_AUTORELEASING = YES;
				CLANG_WARN_BOOL_CONVERSION = YES;
				CLANG_WARN_COMMA = YES;
				CLANG_WARN_CONSTANT_CONVERSION = YES;
				CLANG_WARN_DEPRECATED_OBJC_IMPLEMENTATIONS = YES;
				CLANG_WARN_DIRECT_OBJC_ISA_USAGE = YES_ERROR;
				CLANG_WARN_DOCUMENTATION_COMMENTS = YES;
				CLANG_WARN_EMPTY_BODY = YES;
				CLANG_WARN_ENUM_CONVERSION = YES;
				CLANG_WARN_INFINITE_RECURSION = YES;
				CLANG_WARN_INT_CONVERSION = YES;
				CLANG_WARN_NON_LITERAL_NULL_CONVERSION = YES;
				CLANG_WARN_OBJC_IMPLICIT_RETAIN_SELF = YES;
				CLANG_WARN_OBJC_LITERAL_CONVERSION = YES;
				CLANG_WARN_OBJC_ROOT_CLASS = YES_ERROR;
				CLANG_WARN_RANGE_LOOP_ANALYSIS = YES;
				CLANG_WARN_STRICT_PROTOTYPES = YES;
				CLANG_WARN_SUSPICIOUS_MOVE = YES;
				CLANG_WARN_UNGUARDED_AVAILABILITY = YES_AGGRESSIVE;
				CLANG_WARN_UNREACHABLE_CODE = YES;
				CLANG_WARN__DUPLICATE_METHOD_MATCH = YES;
				CODE_SIGN_IDENTITY = "iPhone Developer";
				COPY_PHASE_STRIP = NO;
				DEBUG_INFORMATION_FORMAT = "dwarf-with-dsym";
				ENABLE_NS_ASSERTIONS = NO;
				ENABLE_STRICT_OBJC_MSGSEND = YES;
				GCC_C_LANGUAGE_STANDARD = gnu11;
				GCC_NO_COMMON_BLOCKS = YES;
				GCC_WARN_64_TO_32_BIT_CONVERSION = YES;
				GCC_WARN_ABOUT_RETURN_TYPE = YES_ERROR;
				GCC_WARN_UNDECLARED_SELECTOR = YES;
				GCC_WARN_UNINITIALIZED_AUTOS = YES_AGGRESSIVE;
				GCC_WARN_UNUSED_FUNCTION = YES;
				GCC_WARN_UNUSED_VARIABLE = YES;
				IPHONEOS_DEPLOYMENT_TARGET = 12.1;
				MTL_ENABLE_DEBUG_INFO = NO;
				MTL_FAST_MATH = YES;
				SDKROOT = iphoneos;
				SWIFT_COMPILATION_MODE = wholemodule;
				SWIFT_OPTIMIZATION_LEVEL = "-O";
				VALIDATE_PRODUCT = YES;
			};
			name = Release;
		};
		25C5FE3C2189F93D00C40317 /* Debug */ = {
			isa = XCBuildConfiguration;
			buildSettings = {
				ASSETCATALOG_COMPILER_APPICON_NAME = AppIcon;
				CODE_SIGN_STYLE = Automatic;
				INFOPLIST_FILE = "Deep Frappuccino/Info.plist";
				LD_RUNPATH_SEARCH_PATHS = (
					"$(inherited)",
					"@executable_path/Frameworks",
				);
				PRODUCT_BUNDLE_IDENTIFIER = "com.shotastage.Deep-Frappuccino";
				PRODUCT_NAME = "$(TARGET_NAME)";
				SWIFT_VERSION = 4.2;
				TARGETED_DEVICE_FAMILY = "1,2";
			};
			name = Debug;
		};
		25C5FE3D2189F93D00C40317 /* Release */ = {
			isa = XCBuildConfiguration;
			buildSettings = {
				ASSETCATALOG_COMPILER_APPICON_NAME = AppIcon;
				CODE_SIGN_STYLE = Automatic;
				INFOPLIST_FILE = "Deep Frappuccino/Info.plist";
				LD_RUNPATH_SEARCH_PATHS = (
					"$(inherited)",
					"@executable_path/Frameworks",
				);
				PRODUCT_BUNDLE_IDENTIFIER = "com.shotastage.Deep-Frappuccino";
				PRODUCT_NAME = "$(TARGET_NAME)";
				SWIFT_VERSION = 4.2;
				TARGETED_DEVICE_FAMILY = "1,2";
			};
			name = Release;
		};
		25C5FE3F2189F93D00C40317 /* Debug */ = {
			isa = XCBuildConfiguration;
			buildSettings = {
				ALWAYS_EMBED_SWIFT_STANDARD_LIBRARIES = YES;
				BUNDLE_LOADER = "$(TEST_HOST)";
				CODE_SIGN_STYLE = Automatic;
				INFOPLIST_FILE = "Deep FrappuccinoTests/Info.plist";
				LD_RUNPATH_SEARCH_PATHS = (
					"$(inherited)",
					"@executable_path/Frameworks",
					"@loader_path/Frameworks",
				);
				PRODUCT_BUNDLE_IDENTIFIER = "com.shotastage.Deep-FrappuccinoTests";
				PRODUCT_NAME = "$(TARGET_NAME)";
				SWIFT_VERSION = 4.2;
				TARGETED_DEVICE_FAMILY = "1,2";
				TEST_HOST = "$(BUILT_PRODUCTS_DIR)/Deep Frappuccino.app/Deep Frappuccino";
			};
			name = Debug;
		};
		25C5FE402189F93D00C40317 /* Release */ = {
			isa = XCBuildConfiguration;
			buildSettings = {
				ALWAYS_EMBED_SWIFT_STANDARD_LIBRARIES = YES;
				BUNDLE_LOADER = "$(TEST_HOST)";
				CODE_SIGN_STYLE = Automatic;
				INFOPLIST_FILE = "Deep FrappuccinoTests/Info.plist";
				LD_RUNPATH_SEARCH_PATHS = (
					"$(inherited)",
					"@executable_path/Frameworks",
					"@loader_path/Frameworks",
				);
				PRODUCT_BUNDLE_IDENTIFIER = "com.shotastage.Deep-FrappuccinoTests";
				PRODUCT_NAME = "$(TARGET_NAME)";
				SWIFT_VERSION = 4.2;
				TARGETED_DEVICE_FAMILY = "1,2";
				TEST_HOST = "$(BUILT_PRODUCTS_DIR)/Deep Frappuccino.app/Deep Frappuccino";
			};
			name = Release;
		};
		25C5FE422189F93D00C40317 /* Debug */ = {
			isa = XCBuildConfiguration;
			buildSettings = {
				ALWAYS_EMBED_SWIFT_STANDARD_LIBRARIES = YES;
				CODE_SIGN_STYLE = Automatic;
				INFOPLIST_FILE = "Deep FrappuccinoUITests/Info.plist";
				LD_RUNPATH_SEARCH_PATHS = (
					"$(inherited)",
					"@executable_path/Frameworks",
					"@loader_path/Frameworks",
				);
				PRODUCT_BUNDLE_IDENTIFIER = "com.shotastage.Deep-FrappuccinoUITests";
				PRODUCT_NAME = "$(TARGET_NAME)";
				SWIFT_VERSION = 4.2;
				TARGETED_DEVICE_FAMILY = "1,2";
				TEST_TARGET_NAME = "Deep Frappuccino";
			};
			name = Debug;
		};
		25C5FE432189F93D00C40317 /* Release */ = {
			isa = XCBuildConfiguration;
			buildSettings = {
				ALWAYS_EMBED_SWIFT_STANDARD_LIBRARIES = YES;
				CODE_SIGN_STYLE = Automatic;
				INFOPLIST_FILE = "Deep FrappuccinoUITests/Info.plist";
				LD_RUNPATH_SEARCH_PATHS = (
					"$(inherited)",
					"@executable_path/Frameworks",
					"@loader_path/Frameworks",
				);
				PRODUCT_BUNDLE_IDENTIFIER = "com.shotastage.Deep-FrappuccinoUITests";
				PRODUCT_NAME = "$(TARGET_NAME)";
				SWIFT_VERSION = 4.2;
				TARGETED_DEVICE_FAMILY = "1,2";
				TEST_TARGET_NAME = "Deep Frappuccino";
			};
			name = Release;
		};
/* End XCBuildConfiguration section */

/* Begin XCConfigurationList section */
		25C5FE0E2189F93C00C40317 /* Build configuration list for PBXProject "Deep Frappuccino" */ = {
			isa = XCConfigurationList;
			buildConfigurations = (
				25C5FE392189F93D00C40317 /* Debug */,
				25C5FE3A2189F93D00C40317 /* Release */,
			);
			defaultConfigurationIsVisible = 0;
			defaultConfigurationName = Release;
		};
		25C5FE3B2189F93D00C40317 /* Build configuration list for PBXNativeTarget "Deep Frappuccino" */ = {
			isa = XCConfigurationList;
			buildConfigurations = (
				25C5FE3C2189F93D00C40317 /* Debug */,
				25C5FE3D2189F93D00C40317 /* Release */,
			);
			defaultConfigurationIsVisible = 0;
			defaultConfigurationName = Release;
		};
		25C5FE3E2189F93D00C40317 /* Build configuration list for PBXNativeTarget "Deep FrappuccinoTests" */ = {
			isa = XCConfigurationList;
			buildConfigurations = (
				25C5FE3F2189F93D00C40317 /* Debug */,
				25C5FE402189F93D00C40317 /* Release */,
			);
			defaultConfigurationIsVisible = 0;
			defaultConfigurationName = Release;
		};
		25C5FE412189F93D00C40317 /* Build configuration list for PBXNativeTarget "Deep FrappuccinoUITests" */ = {
			isa = XCConfigurationList;
			buildConfigurations = (
				25C5FE422189F93D00C40317 /* Debug */,
				25C5FE432189F93D00C40317 /* Release */,
			);
			defaultConfigurationIsVisible = 0;
			defaultConfigurationName = Release;
		};
/* End XCConfigurationList section */
	};
	rootObject = 25C5FE0B2189F93C00C40317 /* Project object */;
}
